
Microsoft Visual Studio Solution File, Format Version 12.00
# Visual Studio 15
VisualStudioVersion = 15.0.27130.2027
MinimumVisualStudioVersion = 10.0.40219.1
Project("{FAE04EC0-301F-11D3-BF4B-00C04F79EFBC}") = "Server", "Pipeline\Server.csproj", "{444DCD45-1E90-48F9-B2EE-93A602E64ECE}"
EndProject
Project("{FAE04EC0-301F-11D3-BF4B-00C04F79EFBC}") = "ServerInterface", "ServerInterface\ServerInterface.csproj", "{F749265D-39CD-4CD3-810F-CF2496B47841}"
EndProject
Project("{FAE04EC0-301F-11D3-BF4B-00C04F79EFBC}") = "Client", "Client\Client.csproj", "{6A9CADF8-45E1-44D3-8DC6-8DCF80173FF4}"
EndProject
Project("{FAE04EC0-301F-11D3-BF4B-00C04F79EFBC}") = "ServiceChannelManager", "ServiceChannelManager\ServiceChannelManager.csproj", "{2CE8A8AF-D617-4F80-A799-CB922C51D88D}"
EndProject
Project("{FAE04EC0-301F-11D3-BF4B-00C04F79EFBC}") = "ServerInterfaceForLauncher", "ServerInterfaceForLauncher\ServerInterfaceForLauncher.csproj", "{C83D0E82-838E-4A6A-883D-BA9499179327}"
EndProject
Project("{FAE04EC0-301F-11D3-BF4B-00C04F79EFBC}") = "Launcher", "Launcher\Launcher.csproj", "{BA85FE18-4D8C-4724-8EC5-795A27D26AC7}"
EndProject
Project("{FAE04EC0-301F-11D3-BF4B-00C04F79EFBC}") = "DAL", "DAL\DAL.csproj", "{AB9CCF56-D2A3-482C-9EBA-1446CDABD6C3}"
EndProject
Project("{FAE04EC0-301F-11D3-BF4B-00C04F79EFBC}") = "BllEntities", "BllEntities\BllEntities.csproj", "{964AF979-FF92-4E79-A810-AFC81EEAA6B6}"
EndProject
Project("{FAE04EC0-301F-11D3-BF4B-00C04F79EFBC}") = "BLL", "BLL\BLL.csproj", "{83348C26-8C86-437F-995E-56E6E4E1DB80}"
EndProject
Project("{FAE04EC0-301F-11D3-BF4B-00C04F79EFBC}") = "AdminClient", "AdminClient\AdminClient.csproj", "{F019A899-2D4B-4D3E-89A3-AABB0F2FC34C}"
EndProject
Project("{FAE04EC0-301F-11D3-BF4B-00C04F79EFBC}") = "ORM", "ORM\ORM.csproj", "{CC99B2C4-1CDE-4232-A64A-340DCF395F65}"
EndProject
Project("{FAE04EC0-301F-11D3-BF4B-00C04F79EFBC}") = "Globals", "Globals\Globals.csproj", "{EDC15B56-D994-408A-B558-6A41BE66D37C}"
EndProject
Project("{FAE04EC0-301F-11D3-BF4B-00C04F79EFBC}") = "MainFormTest", "MainFormTest\MainFormTest.csproj", "{7A31E9E9-1B11-4B5F-97F7-0E724F049A2B}"
EndProject
Global
	GlobalSection(SolutionConfigurationPlatforms) = preSolution
		Debug|Any CPU = Debug|Any CPU
		Release|Any CPU = Release|Any CPU
	EndGlobalSection
	GlobalSection(ProjectConfigurationPlatforms) = postSolution
		{444DCD45-1E90-48F9-B2EE-93A602E64ECE}.Debug|Any CPU.ActiveCfg = Debug|Any CPU
		{444DCD45-1E90-48F9-B2EE-93A602E64ECE}.Debug|Any CPU.Build.0 = Debug|Any CPU
		{444DCD45-1E90-48F9-B2EE-93A602E64ECE}.Release|Any CPU.ActiveCfg = Release|Any CPU
		{444DCD45-1E90-48F9-B2EE-93A602E64ECE}.Release|Any CPU.Build.0 = Release|Any CPU
		{F749265D-39CD-4CD3-810F-CF2496B47841}.Debug|Any CPU.ActiveCfg = Debug|Any CPU
		{F749265D-39CD-4CD3-810F-CF2496B47841}.Debug|Any CPU.Build.0 = Debug|Any CPU
		{F749265D-39CD-4CD3-810F-CF2496B47841}.Release|Any CPU.ActiveCfg = Release|Any CPU
		{F749265D-39CD-4CD3-810F-CF2496B47841}.Release|Any CPU.Build.0 = Release|Any CPU
		{6A9CADF8-45E1-44D3-8DC6-8DCF80173FF4}.Debug|Any CPU.ActiveCfg = Debug|Any CPU
		{6A9CADF8-45E1-44D3-8DC6-8DCF80173FF4}.Debug|Any CPU.Build.0 = Debug|Any CPU
		{6A9CADF8-45E1-44D3-8DC6-8DCF80173FF4}.Release|Any CPU.ActiveCfg = Release|Any CPU
		{6A9CADF8-45E1-44D3-8DC6-8DCF80173FF4}.Release|Any CPU.Build.0 = Release|Any CPU
		{2CE8A8AF-D617-4F80-A799-CB922C51D88D}.Debug|Any CPU.ActiveCfg = Debug|Any CPU
		{2CE8A8AF-D617-4F80-A799-CB922C51D88D}.Debug|Any CPU.Build.0 = Debug|Any CPU
		{2CE8A8AF-D617-4F80-A799-CB922C51D88D}.Release|Any CPU.ActiveCfg = Release|Any CPU
		{2CE8A8AF-D617-4F80-A799-CB922C51D88D}.Release|Any CPU.Build.0 = Release|Any CPU
		{C83D0E82-838E-4A6A-883D-BA9499179327}.Debug|Any CPU.ActiveCfg = Debug|Any CPU
		{C83D0E82-838E-4A6A-883D-BA9499179327}.Debug|Any CPU.Build.0 = Debug|Any CPU
		{C83D0E82-838E-4A6A-883D-BA9499179327}.Release|Any CPU.ActiveCfg = Release|Any CPU
		{C83D0E82-838E-4A6A-883D-BA9499179327}.Release|Any CPU.Build.0 = Release|Any CPU
		{BA85FE18-4D8C-4724-8EC5-795A27D26AC7}.Debug|Any CPU.ActiveCfg = Debug|Any CPU
		{BA85FE18-4D8C-4724-8EC5-795A27D26AC7}.Debug|Any CPU.Build.0 = Debug|Any CPU
		{BA85FE18-4D8C-4724-8EC5-795A27D26AC7}.Release|Any CPU.ActiveCfg = Release|Any CPU
		{BA85FE18-4D8C-4724-8EC5-795A27D26AC7}.Release|Any CPU.Build.0 = Release|Any CPU
		{AB9CCF56-D2A3-482C-9EBA-1446CDABD6C3}.Debug|Any CPU.ActiveCfg = Debug|Any CPU
		{AB9CCF56-D2A3-482C-9EBA-1446CDABD6C3}.Debug|Any CPU.Build.0 = Debug|Any CPU
		{AB9CCF56-D2A3-482C-9EBA-1446CDABD6C3}.Release|Any CPU.ActiveCfg = Release|Any CPU
		{AB9CCF56-D2A3-482C-9EBA-1446CDABD6C3}.Release|Any CPU.Build.0 = Release|Any CPU
		{964AF979-FF92-4E79-A810-AFC81EEAA6B6}.Debug|Any CPU.ActiveCfg = Debug|Any CPU
		{964AF979-FF92-4E79-A810-AFC81EEAA6B6}.Debug|Any CPU.Build.0 = Debug|Any CPU
		{964AF979-FF92-4E79-A810-AFC81EEAA6B6}.Release|Any CPU.ActiveCfg = Release|Any CPU
		{964AF979-FF92-4E79-A810-AFC81EEAA6B6}.Release|Any CPU.Build.0 = Release|Any CPU
		{83348C26-8C86-437F-995E-56E6E4E1DB80}.Debug|Any CPU.ActiveCfg = Debug|Any CPU
		{83348C26-8C86-437F-995E-56E6E4E1DB80}.Debug|Any CPU.Build.0 = Debug|Any CPU
		{83348C26-8C86-437F-995E-56E6E4E1DB80}.Release|Any CPU.ActiveCfg = Release|Any CPU
		{83348C26-8C86-437F-995E-56E6E4E1DB80}.Release|Any CPU.Build.0 = Release|Any CPU
		{F019A899-2D4B-4D3E-89A3-AABB0F2FC34C}.Debug|Any CPU.ActiveCfg = Debug|Any CPU
		{F019A899-2D4B-4D3E-89A3-AABB0F2FC34C}.Debug|Any CPU.Build.0 = Debug|Any CPU
		{F019A899-2D4B-4D3E-89A3-AABB0F2FC34C}.Release|Any CPU.ActiveCfg = Release|Any CPU
		{F019A899-2D4B-4D3E-89A3-AABB0F2FC34C}.Release|Any CPU.Build.0 = Release|Any CPU
		{CC99B2C4-1CDE-4232-A64A-340DCF395F65}.Debug|Any CPU.ActiveCfg = Debug|Any CPU
		{CC99B2C4-1CDE-4232-A64A-340DCF395F65}.Debug|Any CPU.Build.0 = Debug|Any CPU
		{CC99B2C4-1CDE-4232-A64A-340DCF395F65}.Release|Any CPU.ActiveCfg = Release|Any CPU
		{CC99B2C4-1CDE-4232-A64A-340DCF395F65}.Release|Any CPU.Build.0 = Release|Any CPU
		{EDC15B56-D994-408A-B558-6A41BE66D37C}.Debug|Any CPU.ActiveCfg = Debug|Any CPU
		{EDC15B56-D994-408A-B558-6A41BE66D37C}.Debug|Any CPU.Build.0 = Debug|Any CPU
		{EDC15B56-D994-408A-B558-6A41BE66D37C}.Release|Any CPU.ActiveCfg = Release|Any CPU
		{EDC15B56-D994-408A-B558-6A41BE66D37C}.Release|Any CPU.Build.0 = Release|Any CPU
		{7A31E9E9-1B11-4B5F-97F7-0E724F049A2B}.Debug|Any CPU.ActiveCfg = Debug|Any CPU
		{7A31E9E9-1B11-4B5F-97F7-0E724F049A2B}.Debug|Any CPU.Build.0 = Debug|Any CPU
		{7A31E9E9-1B11-4B5F-97F7-0E724F049A2B}.Release|Any CPU.ActiveCfg = Release|Any CPU
		{7A31E9E9-1B11-4B5F-97F7-0E724F049A2B}.Release|Any CPU.Build.0 = Release|Any CPU
	EndGlobalSection
	GlobalSection(SolutionProperties) = preSolution
		HideSolutionNode = FALSE
	EndGlobalSection
	GlobalSection(ExtensibilityGlobals) = postSolution
		SolutionGuid = {3B9AB995-C2A3-4094-ADE6-743CCD113F05}
	EndGlobalSection
EndGlobal
